github.com/c2h5oh/datasize v0.0.0-20171227191756-4eba002a5eae h1:2Zmk+8cNvAGuY8AyvZuWpUdpQUAXwfom4ReVMe/CTIo=
github.com/c2h5oh/datasize v0.0.0-20171227191756-4eba002a5eae/go.mod h1:S/7n9copUssQ56c7aAgHqftWO4LTf4xY6CGWt8Bc+3M=
github.com/cpuguy83/go-md2man v1.0.8 h1:DwoNytLphI8hzS2Af4D0dfaEaiSq2bN05mEm4R6vf8M=
github.com/cpuguy83/go-md2man v1.0.8/go.mod h1:N6JayAiVKtlHSnuTCeuLSQVs75hb8q+dYQLjr7cDsKY=
github.com/inconshreveable/mousetrap v1.0.0 h1:Z8tu5sraLXCXIcARxBp/8cbvlwVa7Z1NHg9XEKhtSvM=
github.com/inconshreveable/mousetrap v1.0.0/go.mod h1:PxqpIevigyE2G7u3NXJIT2ANytuPF1OarO4DADm73n8=
github.com/mitchellh/go-homedir v0.0.0-20180801233206-58046073cbff h1:jM4Eo4qMmmcqePS3u6X2lcEELtVuXWkWJIS/pRI3oSk=
github.com/mitchellh/go-homedir v0.0.0-20180801233206-58046073cbff/go.mod h1:SfyaCUpYCn1Vlf4IUYiD9fPX4A5wJrkLzIz1N1q0pr0=
github.com/russross/blackfriday v1.5.1 h1:B8ZN6pD4PVofmlDCDUdELeYrbsVIDM/bpjW3v3zgcRc=
github.com/russross/blackfriday v1.5.1/go.mod h1:JO/DiYxRf+HjHt06OyowR9PTA263kcR/rfWxYHBV53g=
github.com/spf13/cobra v0.0.3 h1:ZlrZ4XsMRm04Fr5pSFxBgfND2EBVa1nLpiy1stUsX/8=
github.com/spf13/cobra v0.0.3/go.mod h1:1l0Ry5zgKvJasoi3XT1TypsSe7PqH0Sj9dhYf7v3XqQ=
github.com/spf13/pflag v1.0.2 h1:Fy0orTDgHdbnzHcsOgfCN4LtHf0ec3wwtiwJqwvf3Gc=
github.com/spf13/pflag v1.0.2/go.mod h1:DYY7MBk1bdzusC3SYhjObp+wFpr4gzcvqqNjLnInEg4=
golang.org/x/crypto v0.0.0-20180808211826-de0752318171 h1:vYogbvSFj2YXcjQxFHu/rASSOt9sLytpCaSkiwQ135I=
golang.org/x/crypto v0.0.0-20180808211826-de0752318171/go.mod h1:6SG95UA2DQfeDnfUPMdvaQW0Q7yPrPDi9nlGo2tz2b4=
golang.org/x/sys v0.0.0-20180810173357-98c5dad5d1a0 h1:8H8QZJ30plJyIVj60H3lr8TZGIq2Fh3Cyrs/ZNg1foU=
golang.org/x/sys v0.0.0-20180810173357-98c5dad5d1a0/go.mod h1:STP8DvDyc/dI5b8T5hshtkjS+E42TnysNCUPdjciGhY=
gopkg.in/check.v1 v0.0.0-20161208181325-20d25e280405/go.mod h1:Co6ibVJAznAaIkqp8huTwlJQCZ016jof/cbN4VW5Yz0=
gopkg.in/yaml.v2 v2.2.1 h1:mUhvW9EsL+naU5Q3cakzfE91YhliOondGd6ZrsDBHQE=
gopkg.in/yaml.v2 v2.2.1/go.mod h1:hI93XBmqTisBFMUTm0b8Fm+jr3Dg1NNxqwp+5A1VGuI=
