# This file is autogenerated, do not edit; changes may be undone by the next 'dep ensure'.


[[projects]]
  branch = "master"
  name = "github.com/c2h5oh/datasize"
  packages = ["."]
  revision = "4eba002a5eaea69cf8d235a388fc6b65ae68d2dd"

[[projects]]
  name = "github.com/inconshreveable/mousetrap"
  packages = ["."]
  revision = "76626ae9c91c4f2a10f34cad8ce83ea42c93bb75"
  version = "v1.0"

[[projects]]
  name = "github.com/spf13/cobra"
  packages = ["."]
  revision = "ef82de70bb3f60c65fb8eebacbb2d122ef517385"
  version = "v0.0.3"

[[projects]]
  name = "github.com/spf13/pflag"
  packages = ["."]
  revision = "9a97c102cda95a86cec2345a6f09f55a939babf5"
  version = "v1.0.2"

[[projects]]
  branch = "master"
  name = "golang.org/x/crypto"
  packages = [
    "chacha20poly1305",
    "internal/chacha20",
    "internal/subtle",
    "poly1305"
  ]
  revision = "de0752318171da717af4ce24d0a2e8626afaeb11"

[[projects]]
  branch = "master"
  name = "golang.org/x/sys"
  packages = ["cpu"]
  revision = "98c5dad5d1a0e8a73845ecc8897d0bd56586511d"

[solve-meta]
  analyzer-name = "dep"
  analyzer-version = 1
  inputs-digest = "258d0a99576857ee046ec9c5ce2876392471c2704d0032f03dfdd345fd5e19b7"
  solver-name = "gps-cdcl"
  solver-version = 1
